Microsoft Visual Studio Solution File, Format Version 12.00
# Visual Studio 2012
Project("{FAE04EC0-301F-11D3-BF4B-00C04F79EFBC}") = "Sonibleinin", "Sonibleinin.csproj", "{7173C320-834D-4563-9CF0-60C4A25F759D}"
EndProject
Global
	GlobalSection(SolutionConfigurationPlatforms) = preSolution
	Debug|Any CPU = Debug|Any CPU
	ExportDebug|Any CPU = ExportDebug|Any CPU
	ExportRelease|Any CPU = ExportRelease|Any CPU
	EndGlobalSection
	GlobalSection(ProjectConfigurationPlatforms) = postSolution
		{7173C320-834D-4563-9CF0-60C4A25F759D}.Debug|Any CPU.ActiveCfg = Debug|Any CPU
		{7173C320-834D-4563-9CF0-60C4A25F759D}.Debug|Any CPU.Build.0 = Debug|Any CPU
		{7173C320-834D-4563-9CF0-60C4A25F759D}.ExportDebug|Any CPU.ActiveCfg = ExportDebug|Any CPU
		{7173C320-834D-4563-9CF0-60C4A25F759D}.ExportDebug|Any CPU.Build.0 = ExportDebug|Any CPU
		{7173C320-834D-4563-9CF0-60C4A25F759D}.ExportRelease|Any CPU.ActiveCfg = ExportRelease|Any CPU
		{7173C320-834D-4563-9CF0-60C4A25F759D}.ExportRelease|Any CPU.Build.0 = ExportRelease|Any CPU
	EndGlobalSection
EndGlobal
